// !$*UTF8*$!
{
	archiveVersion = 1;
	classes = {
	};
	objectVersion = 50;
	objects = {

/* Begin PBXBuildFile section */
		0C62373C227929D400F52345 /* AppDelegate.swift in Sources */ = {isa = PBXBuildFile; fileRef = 0C62373B227929D400F52345 /* AppDelegate.swift */; };
		0C623741227929D400F52345 /* Main.storyboard in Resources */ = {isa = PBXBuildFile; fileRef = 0C62373F227929D400F52345 /* Main.storyboard */; };
		0C623743227929D500F52345 /* Assets.xcassets in Resources */ = {isa = PBXBuildFile; fileRef = 0C623742227929D500F52345 /* Assets.xcassets */; };
		0C623746227929D500F52345 /* LaunchScreen.storyboard in Resources */ = {isa = PBXBuildFile; fileRef = 0C623744227929D500F52345 /* LaunchScreen.storyboard */; };
		0C62374E22792AB700F52345 /* GoogleService-Info.plist in Resources */ = {isa = PBXBuildFile; fileRef = 0C62374D22792AB700F52345 /* GoogleService-Info.plist */; };
		0C62375122792EBB00F52345 /* LoginViewController.swift in Sources */ = {isa = PBXBuildFile; fileRef = 0C62375022792EBB00F52345 /* LoginViewController.swift */; };
		0C6237532279347900F52345 /* ChatViewController.swift in Sources */ = {isa = PBXBuildFile; fileRef = 0C6237522279347900F52345 /* ChatViewController.swift */; };
		D8543ED29DE8BDCB987B4F5C /* Pods_MessageKitWithFirebase.framework in Frameworks */ = {isa = PBXBuildFile; fileRef = 6ABAFD8965A99BE1977358D0 /* Pods_MessageKitWithFirebase.framework */; };
/* End PBXBuildFile section */

/* Begin PBXFileReference section */
		0C623738227929D400F52345 /* MessageKitWithFirebase.app */ = {isa = PBXFileReference; explicitFileType = wrapper.application; includeInIndex = 0; path = MessageKitWithFirebase.app; sourceTree = BUILT_PRODUCTS_DIR; };
		0C62373B227929D400F52345 /* AppDelegate.swift */ = {isa = PBXFileReference; lastKnownFileType = sourcecode.swift; path = AppDelegate.swift; sourceTree = "<group>"; };
		0C623740227929D400F52345 /* Base */ = {isa = PBXFileReference; lastKnownFileType = file.storyboard; name = Base; path = Base.lproj/Main.storyboard; sourceTree = "<group>"; };
		0C623742227929D500F52345 /* Assets.xcassets */ = {isa = PBXFileReference; lastKnownFileType = folder.assetcatalog; path = Assets.xcassets; sourceTree = "<group>"; };
		0C623745227929D500F52345 /* Base */ = {isa = PBXFileReference; lastKnownFileType = file.storyboard; name = Base; path = Base.lproj/LaunchScreen.storyboard; sourceTree = "<group>"; };
		0C623747227929D500F52345 /* Info.plist */ = {isa = PBXFileReference; lastKnownFileType = text.plist.xml; path = Info.plist; sourceTree = "<group>"; };
		0C62374D22792AB700F52345 /* GoogleService-Info.plist */ = {isa = PBXFileReference; fileEncoding = 4; lastKnownFileType = text.plist.xml; path = "GoogleService-Info.plist"; sourceTree = "<group>"; };
		0C62375022792EBB00F52345 /* LoginViewController.swift */ = {isa = PBXFileReference; lastKnownFileType = sourcecode.swift; path = LoginViewController.swift; sourceTree = "<group>"; };
		0C6237522279347900F52345 /* ChatViewController.swift */ = {isa = PBXFileReference; lastKnownFileType = sourcecode.swift; path = ChatViewController.swift; sourceTree = "<group>"; };
		6ABAFD8965A99BE1977358D0 /* Pods_MessageKitWithFirebase.framework */ = {isa = PBXFileReference; explicitFileType = wrapper.framework; includeInIndex = 0; path = Pods_MessageKitWithFirebase.framework; sourceTree = BUILT_PRODUCTS_DIR; };
		E55CDB495AC01FACD1956FEC /* Pods-MessageKitWithFirebase.release.xcconfig */ = {isa = PBXFileReference; includeInIndex = 1; lastKnownFileType = text.xcconfig; name = "Pods-MessageKitWithFirebase.release.xcconfig"; path = "Target Support Files/Pods-MessageKitWithFirebase/Pods-MessageKitWithFirebase.release.xcconfig"; sourceTree = "<group>"; };
		FB6399DB3EB425056CF6F96B /* Pods-MessageKitWithFirebase.debug.xcconfig */ = {isa = PBXFileReference; includeInIndex = 1; lastKnownFileType = text.xcconfig; name = "Pods-MessageKitWithFirebase.debug.xcconfig"; path = "Target Support Files/Pods-MessageKitWithFirebase/Pods-MessageKitWithFirebase.debug.xcconfig"; sourceTree = "<group>"; };
/* End PBXFileReference section */

/* Begin PBXFrameworksBuildPhase section */
		0C623735227929D400F52345 /* Frameworks */ = {
			isa = PBXFrameworksBuildPhase;
			buildActionMask = 2147483647;
			files = (
				D8543ED29DE8BDCB987B4F5C /* Pods_MessageKitWithFirebase.framework in Frameworks */,
			);
			runOnlyForDeploymentPostprocessing = 0;
		};
/* End PBXFrameworksBuildPhase section */

/* Begin PBXGroup section */
		0C62372F227929D300F52345 = {
			isa = PBXGroup;
			children = (
				0C62373A227929D400F52345 /* MessageKitWithFirebase */,
				0C623739227929D400F52345 /* Products */,
				8E69908B5B3103E21DE1EDFB /* Pods */,
				F2D95B94D50888F320C22A09 /* Frameworks */,
			);
			sourceTree = "<group>";
		};
		0C623739227929D400F52345 /* Products */ = {
			isa = PBXGroup;
			children = (
				0C623738227929D400F52345 /* MessageKitWithFirebase.app */,
			);
			name = Products;
			sourceTree = "<group>";
		};
		0C62373A227929D400F52345 /* MessageKitWithFirebase */ = {
			isa = PBXGroup;
			children = (
				0C62374F22792E4900F52345 /* Controllers */,
				0C62373B227929D400F52345 /* AppDelegate.swift */,
				0C62373F227929D400F52345 /* Main.storyboard */,
				0C623742227929D500F52345 /* Assets.xcassets */,
				0C623744227929D500F52345 /* LaunchScreen.storyboard */,
				0C623747227929D500F52345 /* Info.plist */,
				0C62374D22792AB700F52345 /* GoogleService-Info.plist */,
			);
			path = MessageKitWithFirebase;
			sourceTree = "<group>";
		};
		0C62374F22792E4900F52345 /* Controllers */ = {
			isa = PBXGroup;
			children = (
				0C62375022792EBB00F52345 /* LoginViewController.swift */,
				0C6237522279347900F52345 /* ChatViewController.swift */,
			);
			path = Controllers;
			sourceTree = "<group>";
		};
		8E69908B5B3103E21DE1EDFB /* Pods */ = {
			isa = PBXGroup;
			children = (
				FB6399DB3EB425056CF6F96B /* Pods-MessageKitWithFirebase.debug.xcconfig */,
				E55CDB495AC01FACD1956FEC /* Pods-MessageKitWithFirebase.release.xcconfig */,
			);
			path = Pods;
			sourceTree = "<group>";
		};
		F2D95B94D50888F320C22A09 /* Frameworks */ = {
			isa = PBXGroup;
			children = (
				6ABAFD8965A99BE1977358D0 /* Pods_MessageKitWithFirebase.framework */,
			);
			name = Frameworks;
			sourceTree = "<group>";
		};
/* End PBXGroup section */

/* Begin PBXNativeTarget section */
		0C623737227929D400F52345 /* MessageKitWithFirebase */ = {
			isa = PBXNativeTarget;
			buildConfigurationList = 0C62374A227929D500F52345 /* Build configuration list for PBXNativeTarget "MessageKitWithFirebase" */;
			buildPhases = (
				E6C969834B835A268A21E711 /* [CP] Check Pods Manifest.lock */,
				0C623734227929D400F52345 /* Sources */,
				0C623735227929D400F52345 /* Frameworks */,
				0C623736227929D400F52345 /* Resources */,
				814199F7FBC03618624DBA15 /* [CP] Embed Pods Frameworks */,
				28718FDD0A50E85BAC31B412 /* [CP] Copy Pods Resources */,
			);
			buildRules = (
			);
			dependencies = (
			);
			name = MessageKitWithFirebase;
			productName = MessageKitWithFirebase;
			productReference = 0C623738227929D400F52345 /* MessageKitWithFirebase.app */;
			productType = "com.apple.product-type.application";
		};
/* End PBXNativeTarget section */

/* Begin PBXProject section */
		0C623730227929D300F52345 /* Project object */ = {
			isa = PBXProject;
			attributes = {
				LastSwiftUpdateCheck = 1020;
				LastUpgradeCheck = 1020;
				ORGANIZATIONNAME = yonekan;
				TargetAttributes = {
					0C623737227929D400F52345 = {
						CreatedOnToolsVersion = 10.2.1;
					};
				};
			};
			buildConfigurationList = 0C623733227929D300F52345 /* Build configuration list for PBXProject "MessageKitWithFirebase" */;
			compatibilityVersion = "Xcode 9.3";
			developmentRegion = en;
			hasScannedForEncodings = 0;
			knownRegions = (
				en,
				Base,
			);
			mainGroup = 0C62372F227929D300F52345;
			productRefGroup = 0C623739227929D400F52345 /* Products */;
			projectDirPath = "";
			projectRoot = "";
			targets = (
				0C623737227929D400F52345 /* MessageKitWithFirebase */,
			);
		};
/* End PBXProject section */

/* Begin PBXResourcesBuildPhase section */
		0C623736227929D400F52345 /* Resources */ = {
			isa = PBXResourcesBuildPhase;
			buildActionMask = 2147483647;
			files = (
				0C623746227929D500F52345 /* LaunchScreen.storyboard in Resources */,
				0C62374E22792AB700F52345 /* GoogleService-Info.plist in Resources */,
				0C623743227929D500F52345 /* Assets.xcassets in Resources */,
				0C623741227929D400F52345 /* Main.storyboard in Resources */,
			);
			runOnlyForDeploymentPostprocessing = 0;
		};
/* End PBXResourcesBuildPhase section */

/* Begin PBXShellScriptBuildPhase section */
		28718FDD0A50E85BAC31B412 /* [CP] Copy Pods Resources */ = {
			isa = PBXShellScriptBuildPhase;
			buildActionMask = 2147483647;
			files = (
			);
			inputFileListPaths = (
			);
			inputPaths = (
				"${PODS_ROOT}/Target Support Files/Pods-MessageKitWithFirebase/Pods-MessageKitWithFirebase-resources.sh",
				"${PODS_ROOT}/GoogleSignIn/Resources/GoogleSignIn.bundle",
			);
			name = "[CP] Copy Pods Resources";
			outputFileListPaths = (
			);
			outputPaths = (
				"${TARGET_BUILD_DIR}/${UNLOCALIZED_RESOURCES_FOLDER_PATH}/GoogleSignIn.bundle",
			);
			runOnlyForDeploymentPostprocessing = 0;
			shellPath = /bin/sh;
			shellScript = "\"${PODS_ROOT}/Target Support Files/Pods-MessageKitWithFirebase/Pods-MessageKitWithFirebase-resources.sh\"\n";
			showEnvVarsInLog = 0;
		};
		814199F7FBC03618624DBA15 /* [CP] Embed Pods Frameworks */ = {
			isa = PBXShellScriptBuildPhase;
			buildActionMask = 2147483647;
			files = (
			);
			inputFileListPaths = (
			);
			inputPaths = (
				"${PODS_ROOT}/Target Support Files/Pods-MessageKitWithFirebase/Pods-MessageKitWithFirebase-frameworks.sh",
				"${BUILT_PRODUCTS_DIR}/GTMSessionFetcher/GTMSessionFetcher.framework",
				"${BUILT_PRODUCTS_DIR}/GoogleToolboxForMac/GoogleToolboxForMac.framework",
				"${BUILT_PRODUCTS_DIR}/GoogleUtilities/GoogleUtilities.framework",
				"${BUILT_PRODUCTS_DIR}/MessageInputBar/MessageInputBar.framework",
				"${BUILT_PRODUCTS_DIR}/MessageKit/MessageKit.framework",
				"${BUILT_PRODUCTS_DIR}/nanopb/nanopb.framework",
			);
			name = "[CP] Embed Pods Frameworks";
			outputFileListPaths = (
			);
			outputPaths = (
				"${TARGET_BUILD_DIR}/${FRAMEWORKS_FOLDER_PATH}/GTMSessionFetcher.framework",
				"${TARGET_BUILD_DIR}/${FRAMEWORKS_FOLDER_PATH}/GoogleToolboxForMac.framework",
				"${TARGET_BUILD_DIR}/${FRAMEWORKS_FOLDER_PATH}/GoogleUtilities.framework",
				"${TARGET_BUILD_DIR}/${FRAMEWORKS_FOLDER_PATH}/MessageInputBar.framework",
				"${TARGET_BUILD_DIR}/${FRAMEWORKS_FOLDER_PATH}/MessageKit.framework",
				"${TARGET_BUILD_DIR}/${FRAMEWORKS_FOLDER_PATH}/nanopb.framework",
			);
			runOnlyForDeploymentPostprocessing = 0;
			shellPath = /bin/sh;
			shellScript = "\"${PODS_ROOT}/Target Support Files/Pods-MessageKitWithFirebase/Pods-MessageKitWithFirebase-frameworks.sh\"\n";
			showEnvVarsInLog = 0;
		};
		E6C969834B835A268A21E711 /* [CP] Check Pods Manifest.lock */ = {
			isa = PBXShellScriptBuildPhase;
			buildActionMask = 2147483647;
			files = (
			);
			inputFileListPaths = (
			);
			inputPaths = (
				"${PODS_PODFILE_DIR_PATH}/Podfile.lock",
				"${PODS_ROOT}/Manifest.lock",
			);
			name = "[CP] Check Pods Manifest.lock";
			outputFileListPaths = (
			);
			outputPaths = (
				"$(DERIVED_FILE_DIR)/Pods-MessageKitWithFirebase-checkManifestLockResult.txt",
			);
			runOnlyForDeploymentPostprocessing = 0;
			shellPath = /bin/sh;
			shellScript = "diff \"${PODS_PODFILE_DIR_PATH}/Podfile.lock\" \"${PODS_ROOT}/Manifest.lock\" > /dev/null\nif [ $? != 0 ] ; then\n    # print error to STDERR\n    echo \"error: The sandbox is not in sync with the Podfile.lock. Run 'pod install' or update your CocoaPods installation.\" >&2\n    exit 1\nfi\n# This output is used by Xcode 'outputs' to avoid re-running this script phase.\necho \"SUCCESS\" > \"${SCRIPT_OUTPUT_FILE_0}\"\n";
			showEnvVarsInLog = 0;
		};
/* End PBXShellScriptBuildPhase section */

/* Begin PBXSourcesBuildPhase section */
		0C623734227929D400F52345 /* Sources */ = {
			isa = PBXSourcesBuildPhase;
			buildActionMask = 2147483647;
			files = (
				0C62375122792EBB00F52345 /* LoginViewController.swift in Sources */,
				0C6237532279347900F52345 /* ChatViewController.swift in Sources */,
				0C62373C227929D400F52345 /* AppDelegate.swift in Sources */,
			);
			runOnlyForDeploymentPostprocessing = 0;
		};
/* End PBXSourcesBuildPhase section */

/* Begin PBXVariantGroup section */
		0C62373F227929D400F52345 /* Main.storyboard */ = {
			isa = PBXVariantGroup;
			children = (
				0C623740227929D400F52345 /* Base */,
			);
			name = Main.storyboard;
			sourceTree = "<group>";
		};
		0C623744227929D500F52345 /* LaunchScreen.storyboard */ = {
			isa = PBXVariantGroup;
			children = (
				0C623745227929D500F52345 /* Base */,
			);
			name = LaunchScreen.storyboard;
			sourceTree = "<group>";
		};
/* End PBXVariantGroup section */

/* Begin XCBuildConfiguration section */
		0C623748227929D500F52345 /* Debug */ = {
			isa = XCBuildConfiguration;
			buildSettings = {
				ALWAYS_SEARCH_USER_PATHS = NO;
				CLANG_ANALYZER_NONNULL = YES;
				CLANG_ANALYZER_NUMBER_OBJECT_CONVERSION = YES_AGGRESSIVE;
				CLANG_CXX_LANGUAGE_STANDARD = "gnu++14";
				CLANG_CXX_LIBRARY = "libc++";
				CLANG_ENABLE_MODULES = YES;
				CLANG_ENABLE_OBJC_ARC = YES;
				CLANG_ENABLE_OBJC_WEAK = YES;
				CLANG_WARN_BLOCK_CAPTURE_AUTORELEASING = YES;
				CLANG_WARN_BOOL_CONVERSION = YES;
				CLANG_WARN_COMMA = YES;
				CLANG_WARN_CONSTANT_CONVERSION = YES;
				CLANG_WARN_DEPRECATED_OBJC_IMPLEMENTATIONS = YES;
				CLANG_WARN_DIRECT_OBJC_ISA_USAGE = YES_ERROR;
				CLANG_WARN_DOCUMENTATION_COMMENTS = YES;
				CLANG_WARN_EMPTY_BODY = YES;
				CLANG_WARN_ENUM_CONVERSION = YES;
				CLANG_WARN_INFINITE_RECURSION = YES;
				CLANG_WARN_INT_CONVERSION = YES;
				CLANG_WARN_NON_LITERAL_NULL_CONVERSION = YES;
				CLANG_WARN_OBJC_IMPLICIT_RETAIN_SELF = YES;
				CLANG_WARN_OBJC_LITERAL_CONVERSION = YES;
				CLANG_WARN_OBJC_ROOT_CLASS = YES_ERROR;
				CLANG_WARN_RANGE_LOOP_ANALYSIS = YES;
				CLANG_WARN_STRICT_PROTOTYPES = YES;
				CLANG_WARN_SUSPICIOUS_MOVE = YES;
				CLANG_WARN_UNGUARDED_AVAILABILITY = YES_AGGRESSIVE;
				CLANG_WARN_UNREACHABLE_CODE = YES;
				CLANG_WARN__DUPLICATE_METHOD_MATCH = YES;
				CODE_SIGN_IDENTITY = "iPhone Developer";
				COPY_PHASE_STRIP = NO;
				DEBUG_INFORMATION_FORMAT = dwarf;
				ENABLE_STRICT_OBJC_MSGSEND = YES;
				ENABLE_TESTABILITY = YES;
				GCC_C_LANGUAGE_STANDARD = gnu11;
				GCC_DYNAMIC_NO_PIC = NO;
				GCC_NO_COMMON_BLOCKS = YES;
				GCC_OPTIMIZATION_LEVEL = 0;
				GCC_PREPROCESSOR_DEFINITIONS = (
					"DEBUG=1",
					"$(inherited)",
				);
				GCC_WARN_64_TO_32_BIT_CONVERSION = YES;
				GCC_WARN_ABOUT_RETURN_TYPE = YES_ERROR;
				GCC_WARN_UNDECLARED_SELECTOR = YES;
				GCC_WARN_UNINITIALIZED_AUTOS = YES_AGGRESSIVE;
				GCC_WARN_UNUSED_FUNCTION = YES;
				GCC_WARN_UNUSED_VARIABLE = YES;
				IPHONEOS_DEPLOYMENT_TARGET = 12.2;
				MTL_ENABLE_DEBUG_INFO = INCLUDE_SOURCE;
				MTL_FAST_MATH = YES;
				ONLY_ACTIVE_ARCH = YES;
				SDKROOT = iphoneos;
				SWIFT_ACTIVE_COMPILATION_CONDITIONS = DEBUG;
				SWIFT_OPTIMIZATION_LEVEL = "-Onone";
			};
			name = Debug;
		};
		0C623749227929D500F52345 /* Release */ = {
			isa = XCBuildConfiguration;
			buildSettings = {
				ALWAYS_SEARCH_USER_PATHS = NO;
				CLANG_ANALYZER_NONNULL = YES;
				CLANG_ANALYZER_NUMBER_OBJECT_CONVERSION = YES_AGGRESSIVE;
				CLANG_CXX_LANGUAGE_STANDARD = "gnu++14";
				CLANG_CXX_LIBRARY = "libc++";
				CLANG_ENABLE_MODULES = YES;
				CLANG_ENABLE_OBJC_ARC = YES;
				CLANG_ENABLE_OBJC_WEAK = YES;
				CLANG_WARN_BLOCK_CAPTURE_AUTORELEASING = YES;
				CLANG_WARN_BOOL_CONVERSION = YES;
				CLANG_WARN_COMMA = YES;
				CLANG_WARN_CONSTANT_CONVERSION = YES;
				CLANG_WARN_DEPRECATED_OBJC_IMPLEMENTATIONS = YES;
				CLANG_WARN_DIRECT_OBJC_ISA_USAGE = YES_ERROR;
				CLANG_WARN_DOCUMENTATION_COMMENTS = YES;
				CLANG_WARN_EMPTY_BODY = YES;
				CLANG_WARN_ENUM_CONVERSION = YES;
				CLANG_WARN_INFINITE_RECURSION = YES;
				CLANG_WARN_INT_CONVERSION = YES;
				CLANG_WARN_NON_LITERAL_NULL_CONVERSION = YES;
				CLANG_WARN_OBJC_IMPLICIT_RETAIN_SELF = YES;
				CLANG_WARN_OBJC_LITERAL_CONVERSION = YES;
				CLANG_WARN_OBJC_ROOT_CLASS = YES_ERROR;
				CLANG_WARN_RANGE_LOOP_ANALYSIS = YES;
				CLANG_WARN_STRICT_PROTOTYPES = YES;
				CLANG_WARN_SUSPICIOUS_MOVE = YES;
				CLANG_WARN_UNGUARDED_AVAILABILITY = YES_AGGRESSIVE;
				CLANG_WARN_UNREACHABLE_CODE = YES;
				CLANG_WARN__DUPLICATE_METHOD_MATCH = YES;
				CODE_SIGN_IDENTITY = "iPhone Developer";
				COPY_PHASE_STRIP = NO;
				DEBUG_INFORMATION_FORMAT = "dwarf-with-dsym";
				ENABLE_NS_ASSERTIONS = NO;
				ENABLE_STRICT_OBJC_MSGSEND = YES;
				GCC_C_LANGUAGE_STANDARD = gnu11;
				GCC_NO_COMMON_BLOCKS = YES;
				GCC_WARN_64_TO_32_BIT_CONVERSION = YES;
				GCC_WARN_ABOUT_RETURN_TYPE = YES_ERROR;
				GCC_WARN_UNDECLARED_SELECTOR = YES;
				GCC_WARN_UNINITIALIZED_AUTOS = YES_AGGRESSIVE;
				GCC_WARN_UNUSED_FUNCTION = YES;
				GCC_WARN_UNUSED_VARIABLE = YES;
				IPHONEOS_DEPLOYMENT_TARGET = 12.2;
				MTL_ENABLE_DEBUG_INFO = NO;
				MTL_FAST_MATH = YES;
				SDKROOT = iphoneos;
				SWIFT_COMPILATION_MODE = wholemodule;
				SWIFT_OPTIMIZATION_LEVEL = "-O";
				VALIDATE_PRODUCT = YES;
			};
			name = Release;
		};
		0C62374B227929D500F52345 /* Debug */ = {
			isa = XCBuildConfiguration;
			baseConfigurationReference = FB6399DB3EB425056CF6F96B /* Pods-MessageKitWithFirebase.debug.xcconfig */;
			buildSettings = {
				ASSETCATALOG_COMPILER_APPICON_NAME = AppIcon;
				CODE_SIGN_STYLE = Automatic;
				DEVELOPMENT_TEAM = 8DB4CQZK65;
				INFOPLIST_FILE = MessageKitWithFirebase/Info.plist;
				LD_RUNPATH_SEARCH_PATHS = (
					"$(inherited)",
					"@executable_path/Frameworks",
				);
				PRODUCT_BUNDLE_IDENTIFIER = com.example.MessageKitWithFirebase;
				PRODUCT_NAME = "$(TARGET_NAME)";
				SWIFT_VERSION = 5.0;
				TARGETED_DEVICE_FAMILY = "1,2";
			};
			name = Debug;
		};
		0C62374C227929D500F52345 /* Release */ = {
			isa = XCBuildConfiguration;
			baseConfigurationReference = E55CDB495AC01FACD1956FEC /* Pods-MessageKitWithFirebase.release.xcconfig */;
			buildSettings = {
				ASSETCATALOG_COMPILER_APPICON_NAME = AppIcon;
				CODE_SIGN_STYLE = Automatic;
				DEVELOPMENT_TEAM = 8DB4CQZK65;
				INFOPLIST_FILE = MessageKitWithFirebase/Info.plist;
				LD_RUNPATH_SEARCH_PATHS = (
					"$(inherited)",
					"@executable_path/Frameworks",
				);
				PRODUCT_BUNDLE_IDENTIFIER = com.example.MessageKitWithFirebase;
				PRODUCT_NAME = "$(TARGET_NAME)";
				SWIFT_VERSION = 5.0;
				TARGETED_DEVICE_FAMILY = "1,2";
			};
			name = Release;
		};
/* End XCBuildConfiguration section */

/* Begin XCConfigurationList section */
		0C623733227929D300F52345 /* Build configuration list for PBXProject "MessageKitWithFirebase" */ = {
			isa = XCConfigurationList;
			buildConfigurations = (
				0C623748227929D500F52345 /* Debug */,
				0C623749227929D500F52345 /* Release */,
			);
			defaultConfigurationIsVisible = 0;
			defaultConfigurationName = Release;
		};
		0C62374A227929D500F52345 /* Build configuration list for PBXNativeTarget "MessageKitWithFirebase" */ = {
			isa = XCConfigurationList;
			buildConfigurations = (
				0C62374B227929D500F52345 /* Debug */,
				0C62374C227929D500F52345 /* Release */,
			);
			defaultConfigurationIsVisible = 0;
			defaultConfigurationName = Release;
		};
/* End XCConfigurationList section */
	};
	rootObject = 0C623730227929D300F52345 /* Project object */;
}
